
Microsoft Visual Studio Solution File, Format Version 12.00
# Visual Studio Version 17
VisualStudioVersion = 17.4.33205.214
MinimumVisualStudioVersion = 10.0.40219.1
Project("{FAE04EC0-301F-11D3-BF4B-00C04F79EFBC}") = "WeatherAPI", "WeatherAPI\WeatherAPI.csproj", "{D26D00C9-2920-480C-B7FF-8BFF1CFF32A2}"
EndProject
Global
	GlobalSection(SolutionConfigurationPlatforms) = preSolution
		Debug|Any CPU = Debug|Any CPU
		Release|Any CPU = Release|Any CPU
	EndGlobalSection
	GlobalSection(ProjectConfigurationPlatforms) = postSolution
		{D26D00C9-2920-480C-B7FF-8BFF1CFF32A2}.Debug|Any CPU.ActiveCfg = Debug|Any CPU
		{D26D00C9-2920-480C-B7FF-8BFF1CFF32A2}.Debug|Any CPU.Build.0 = Debug|Any CPU
		{D26D00C9-2920-480C-B7FF-8BFF1CFF32A2}.Release|Any CPU.ActiveCfg = Release|Any CPU
		{D26D00C9-2920-480C-B7FF-8BFF1CFF32A2}.Release|Any CPU.Build.0 = Release|Any CPU
	EndGlobalSection
	GlobalSection(SolutionProperties) = preSolution
		HideSolutionNode = FALSE
	EndGlobalSection
	GlobalSection(ExtensibilityGlobals) = postSolution
		SolutionGuid = {E7A633A0-8125-40CB-A390-2B2134F1AC2D}
	EndGlobalSection
EndGlobal
